{
  "requires": true,
  "lockfileVersion": 1,
  "dependencies": {
    "winbox": {
      "version": "0.2.0",
      "resolved": "https://registry.npmjs.org/winbox/-/winbox-0.2.0.tgz",
      "integrity": "sha512-w/FZiz5pmeJ+jNzvMDWlyGCy8a9lBGSsfdRaLxDDWhvsfURXqGgwLpJrGbQiOEVI90YePHgJqnGJvc8qcKWBGw=="
    }
  }
}
